// !$*UTF8*$!
{
	archiveVersion = 1;
	classes = {
	};
	objectVersion = 46;
	objects = {

/* Begin PBXBuildFile section */
		C74FF8531BF02E1D00DAAF61 /* LoginViewController.m in Sources */ = {isa = PBXBuildFile; fileRef = C74FF8511BF02E1D00DAAF61 /* LoginViewController.m */; settings = {ASSET_TAGS = (); }; };
		C74FF8541BF02E1D00DAAF61 /* LoginViewController.xib in Resources */ = {isa = PBXBuildFile; fileRef = C74FF8521BF02E1D00DAAF61 /* LoginViewController.xib */; settings = {ASSET_TAGS = (); }; };
		C74FF8581BF02F9500DAAF61 /* TwitterClient.m in Sources */ = {isa = PBXBuildFile; fileRef = C74FF8571BF02F9500DAAF61 /* TwitterClient.m */; settings = {ASSET_TAGS = (); }; };
		C74FF85B1BF077D800DAAF61 /* Tweet.m in Sources */ = {isa = PBXBuildFile; fileRef = C74FF85A1BF077D800DAAF61 /* Tweet.m */; settings = {ASSET_TAGS = (); }; };
		C74FF85E1BF077E100DAAF61 /* User.m in Sources */ = {isa = PBXBuildFile; fileRef = C74FF85D1BF077E100DAAF61 /* User.m */; settings = {ASSET_TAGS = (); }; };
		C74FF8621BF1700100DAAF61 /* TweetsViewController.m in Sources */ = {isa = PBXBuildFile; fileRef = C74FF8601BF1700100DAAF61 /* TweetsViewController.m */; settings = {ASSET_TAGS = (); }; };
		C74FF8631BF1700100DAAF61 /* TweetsViewController.xib in Resources */ = {isa = PBXBuildFile; fileRef = C74FF8611BF1700100DAAF61 /* TweetsViewController.xib */; settings = {ASSET_TAGS = (); }; };
		C74FF86B1BF1B64C00DAAF61 /* TweetCell.m in Sources */ = {isa = PBXBuildFile; fileRef = C74FF8691BF1B64C00DAAF61 /* TweetCell.m */; settings = {ASSET_TAGS = (); }; };
		C74FF86C1BF1B64C00DAAF61 /* TweetCell.xib in Resources */ = {isa = PBXBuildFile; fileRef = C74FF86A1BF1B64C00DAAF61 /* TweetCell.xib */; settings = {ASSET_TAGS = (); }; };
		C7909DCC1BF028E400D53671 /* main.m in Sources */ = {isa = PBXBuildFile; fileRef = C7909DCB1BF028E400D53671 /* main.m */; };
		C7909DCF1BF028E400D53671 /* AppDelegate.m in Sources */ = {isa = PBXBuildFile; fileRef = C7909DCE1BF028E400D53671 /* AppDelegate.m */; };
		C7909DD71BF028E400D53671 /* Assets.xcassets in Resources */ = {isa = PBXBuildFile; fileRef = C7909DD61BF028E400D53671 /* Assets.xcassets */; };
		C7909DDA1BF028E400D53671 /* LaunchScreen.storyboard in Resources */ = {isa = PBXBuildFile; fileRef = C7909DD81BF028E400D53671 /* LaunchScreen.storyboard */; };
		FA7EB3A4EDEEB8F5921C9527 /* libPods-twitter.a in Frameworks */ = {isa = PBXBuildFile; fileRef = 5177F0F4644C97A44F76B658 /* libPods-twitter.a */; };
/* End PBXBuildFile section */

/* Begin PBXFileReference section */
		4D1572246A0912BDC476B168 /* Pods-twitter.debug.xcconfig */ = {isa = PBXFileReference; includeInIndex = 1; lastKnownFileType = text.xcconfig; name = "Pods-twitter.debug.xcconfig"; path = "Pods/Target Support Files/Pods-twitter/Pods-twitter.debug.xcconfig"; sourceTree = "<group>"; };
		5177F0F4644C97A44F76B658 /* libPods-twitter.a */ = {isa = PBXFileReference; explicitFileType = archive.ar; includeInIndex = 0; path = "libPods-twitter.a"; sourceTree = BUILT_PRODUCTS_DIR; };
		C2BAFB67EA4A2F0D9CC7ACCA /* Pods-twitter.release.xcconfig */ = {isa = PBXFileReference; includeInIndex = 1; lastKnownFileType = text.xcconfig; name = "Pods-twitter.release.xcconfig"; path = "Pods/Target Support Files/Pods-twitter/Pods-twitter.release.xcconfig"; sourceTree = "<group>"; };
		C74FF8501BF02E1D00DAAF61 /* LoginViewController.h */ = {isa = PBXFileReference; fileEncoding = 4; lastKnownFileType = sourcecode.c.h; path = LoginViewController.h; sourceTree = "<group>"; };
		C74FF8511BF02E1D00DAAF61 /* LoginViewController.m */ = {isa = PBXFileReference; fileEncoding = 4; lastKnownFileType = sourcecode.c.objc; path = LoginViewController.m; sourceTree = "<group>"; };
		C74FF8521BF02E1D00DAAF61 /* LoginViewController.xib */ = {isa = PBXFileReference; fileEncoding = 4; lastKnownFileType = file.xib; path = LoginViewController.xib; sourceTree = "<group>"; };
		C74FF8561BF02F9500DAAF61 /* TwitterClient.h */ = {isa = PBXFileReference; fileEncoding = 4; lastKnownFileType = sourcecode.c.h; path = TwitterClient.h; sourceTree = "<group>"; };
		C74FF8571BF02F9500DAAF61 /* TwitterClient.m */ = {isa = PBXFileReference; fileEncoding = 4; lastKnownFileType = sourcecode.c.objc; path = TwitterClient.m; sourceTree = "<group>"; };
		C74FF8591BF077D800DAAF61 /* Tweet.h */ = {isa = PBXFileReference; fileEncoding = 4; lastKnownFileType = sourcecode.c.h; path = Tweet.h; sourceTree = "<group>"; };
		C74FF85A1BF077D800DAAF61 /* Tweet.m */ = {isa = PBXFileReference; fileEncoding = 4; lastKnownFileType = sourcecode.c.objc; path = Tweet.m; sourceTree = "<group>"; };
		C74FF85C1BF077E100DAAF61 /* User.h */ = {isa = PBXFileReference; fileEncoding = 4; lastKnownFileType = sourcecode.c.h; path = User.h; sourceTree = "<group>"; };
		C74FF85D1BF077E100DAAF61 /* User.m */ = {isa = PBXFileReference; fileEncoding = 4; lastKnownFileType = sourcecode.c.objc; path = User.m; sourceTree = "<group>"; };
		C74FF85F1BF1700100DAAF61 /* TweetsViewController.h */ = {isa = PBXFileReference; fileEncoding = 4; lastKnownFileType = sourcecode.c.h; path = TweetsViewController.h; sourceTree = "<group>"; };
		C74FF8601BF1700100DAAF61 /* TweetsViewController.m */ = {isa = PBXFileReference; fileEncoding = 4; lastKnownFileType = sourcecode.c.objc; path = TweetsViewController.m; sourceTree = "<group>"; };
		C74FF8611BF1700100DAAF61 /* TweetsViewController.xib */ = {isa = PBXFileReference; fileEncoding = 4; lastKnownFileType = file.xib; path = TweetsViewController.xib; sourceTree = "<group>"; };
		C74FF8681BF1B64C00DAAF61 /* TweetCell.h */ = {isa = PBXFileReference; fileEncoding = 4; lastKnownFileType = sourcecode.c.h; path = TweetCell.h; sourceTree = "<group>"; };
		C74FF8691BF1B64C00DAAF61 /* TweetCell.m */ = {isa = PBXFileReference; fileEncoding = 4; lastKnownFileType = sourcecode.c.objc; path = TweetCell.m; sourceTree = "<group>"; };
		C74FF86A1BF1B64C00DAAF61 /* TweetCell.xib */ = {isa = PBXFileReference; fileEncoding = 4; lastKnownFileType = file.xib; path = TweetCell.xib; sourceTree = "<group>"; };
		C7909DC71BF028E400D53671 /* twitter.app */ = {isa = PBXFileReference; explicitFileType = wrapper.application; includeInIndex = 0; path = twitter.app; sourceTree = BUILT_PRODUCTS_DIR; };
		C7909DCB1BF028E400D53671 /* main.m */ = {isa = PBXFileReference; lastKnownFileType = sourcecode.c.objc; path = main.m; sourceTree = "<group>"; };
		C7909DCD1BF028E400D53671 /* AppDelegate.h */ = {isa = PBXFileReference; lastKnownFileType = sourcecode.c.h; path = AppDelegate.h; sourceTree = "<group>"; };
		C7909DCE1BF028E400D53671 /* AppDelegate.m */ = {isa = PBXFileReference; lastKnownFileType = sourcecode.c.objc; path = AppDelegate.m; sourceTree = "<group>"; };
		C7909DD61BF028E400D53671 /* Assets.xcassets */ = {isa = PBXFileReference; lastKnownFileType = folder.assetcatalog; path = Assets.xcassets; sourceTree = "<group>"; };
		C7909DD91BF028E400D53671 /* Base */ = {isa = PBXFileReference; lastKnownFileType = file.storyboard; name = Base; path = Base.lproj/LaunchScreen.storyboard; sourceTree = "<group>"; };
		C7909DDB1BF028E400D53671 /* Info.plist */ = {isa = PBXFileReference; lastKnownFileType = text.plist.xml; path = Info.plist; sourceTree = "<group>"; };
/* End PBXFileReference section */

/* Begin PBXFrameworksBuildPhase section */
		C7909DC41BF028E400D53671 /* Frameworks */ = {
			isa = PBXFrameworksBuildPhase;
			buildActionMask = 2147483647;
			files = (
				FA7EB3A4EDEEB8F5921C9527 /* libPods-twitter.a in Frameworks */,
			);
			runOnlyForDeploymentPostprocessing = 0;
		};
/* End PBXFrameworksBuildPhase section */

/* Begin PBXGroup section */
		5A0B8AE7DBC7B51A1CF65067 /* Pods */ = {
			isa = PBXGroup;
			children = (
				4D1572246A0912BDC476B168 /* Pods-twitter.debug.xcconfig */,
				C2BAFB67EA4A2F0D9CC7ACCA /* Pods-twitter.release.xcconfig */,
			);
			name = Pods;
			sourceTree = "<group>";
		};
		64C97A63504ED7D1AF102859 /* Frameworks */ = {
			isa = PBXGroup;
			children = (
				5177F0F4644C97A44F76B658 /* libPods-twitter.a */,
			);
			name = Frameworks;
			sourceTree = "<group>";
		};
		C74FF84F1BF02DFD00DAAF61 /* ViewController */ = {
			isa = PBXGroup;
			children = (
				C74FF8501BF02E1D00DAAF61 /* LoginViewController.h */,
				C74FF8511BF02E1D00DAAF61 /* LoginViewController.m */,
				C74FF8521BF02E1D00DAAF61 /* LoginViewController.xib */,
				C74FF85F1BF1700100DAAF61 /* TweetsViewController.h */,
				C74FF8601BF1700100DAAF61 /* TweetsViewController.m */,
				C74FF8611BF1700100DAAF61 /* TweetsViewController.xib */,
			);
			name = ViewController;
			sourceTree = "<group>";
		};
		C74FF8551BF02F6700DAAF61 /* Model */ = {
			isa = PBXGroup;
			children = (
				C74FF8591BF077D800DAAF61 /* Tweet.h */,
				C74FF85A1BF077D800DAAF61 /* Tweet.m */,
				C74FF85C1BF077E100DAAF61 /* User.h */,
				C74FF85D1BF077E100DAAF61 /* User.m */,
			);
			name = Model;
			sourceTree = "<group>";
		};
		C74FF8641BF1976300DAAF61 /* App */ = {
			isa = PBXGroup;
			children = (
				C7909DCD1BF028E400D53671 /* AppDelegate.h */,
				C7909DCE1BF028E400D53671 /* AppDelegate.m */,
				C7909DD61BF028E400D53671 /* Assets.xcassets */,
				C7909DD81BF028E400D53671 /* LaunchScreen.storyboard */,
				C7909DDB1BF028E400D53671 /* Info.plist */,
			);
			name = App;
			sourceTree = "<group>";
		};
		C74FF8661BF1979900DAAF61 /* ApiClient */ = {
			isa = PBXGroup;
			children = (
				C74FF8561BF02F9500DAAF61 /* TwitterClient.h */,
				C74FF8571BF02F9500DAAF61 /* TwitterClient.m */,
			);
			name = ApiClient;
			sourceTree = "<group>";
		};
		C74FF8671BF1B61C00DAAF61 /* View */ = {
			isa = PBXGroup;
			children = (
				C74FF8681BF1B64C00DAAF61 /* TweetCell.h */,
				C74FF8691BF1B64C00DAAF61 /* TweetCell.m */,
				C74FF86A1BF1B64C00DAAF61 /* TweetCell.xib */,
			);
			name = View;
			sourceTree = "<group>";
		};
		C7909DBE1BF028E400D53671 = {
			isa = PBXGroup;
			children = (
				C7909DC91BF028E400D53671 /* twitter */,
				C7909DC81BF028E400D53671 /* Products */,
				5A0B8AE7DBC7B51A1CF65067 /* Pods */,
				64C97A63504ED7D1AF102859 /* Frameworks */,
			);
			sourceTree = "<group>";
		};
		C7909DC81BF028E400D53671 /* Products */ = {
			isa = PBXGroup;
			children = (
				C7909DC71BF028E400D53671 /* twitter.app */,
			);
			name = Products;
			sourceTree = "<group>";
		};
		C7909DC91BF028E400D53671 /* twitter */ = {
			isa = PBXGroup;
			children = (
				C74FF8671BF1B61C00DAAF61 /* View */,
				C74FF8661BF1979900DAAF61 /* ApiClient */,
				C74FF8641BF1976300DAAF61 /* App */,
				C74FF8551BF02F6700DAAF61 /* Model */,
				C74FF84F1BF02DFD00DAAF61 /* ViewController */,
				C7909DCA1BF028E400D53671 /* Supporting Files */,
			);
			path = twitter;
			sourceTree = "<group>";
		};
		C7909DCA1BF028E400D53671 /* Supporting Files */ = {
			isa = PBXGroup;
			children = (
				C7909DCB1BF028E400D53671 /* main.m */,
			);
			name = "Supporting Files";
			sourceTree = "<group>";
		};
/* End PBXGroup section */

/* Begin PBXNativeTarget section */
		C7909DC61BF028E400D53671 /* twitter */ = {
			isa = PBXNativeTarget;
			buildConfigurationList = C7909DDE1BF028E400D53671 /* Build configuration list for PBXNativeTarget "twitter" */;
			buildPhases = (
				30CCD906CCAACE6A6581696E /* Check Pods Manifest.lock */,
				C7909DC31BF028E400D53671 /* Sources */,
				C7909DC41BF028E400D53671 /* Frameworks */,
				C7909DC51BF028E400D53671 /* Resources */,
				A5629608E2784CADD2E8C690 /* Embed Pods Frameworks */,
				974C49C49594260619D30C23 /* Copy Pods Resources */,
			);
			buildRules = (
			);
			dependencies = (
			);
			name = twitter;
			productName = twitter;
			productReference = C7909DC71BF028E400D53671 /* twitter.app */;
			productType = "com.apple.product-type.application";
		};
/* End PBXNativeTarget section */

/* Begin PBXProject section */
		C7909DBF1BF028E400D53671 /* Project object */ = {
			isa = PBXProject;
			attributes = {
				LastUpgradeCheck = 0700;
				ORGANIZATIONNAME = "David Wang";
				TargetAttributes = {
					C7909DC61BF028E400D53671 = {
						CreatedOnToolsVersion = 7.0.1;
						DevelopmentTeam = NG8497M9UB;
					};
				};
			};
			buildConfigurationList = C7909DC21BF028E400D53671 /* Build configuration list for PBXProject "twitter" */;
			compatibilityVersion = "Xcode 3.2";
			developmentRegion = English;
			hasScannedForEncodings = 0;
			knownRegions = (
				en,
				Base,
			);
			mainGroup = C7909DBE1BF028E400D53671;
			productRefGroup = C7909DC81BF028E400D53671 /* Products */;
			projectDirPath = "";
			projectRoot = "";
			targets = (
				C7909DC61BF028E400D53671 /* twitter */,
			);
		};
/* End PBXProject section */

/* Begin PBXResourcesBuildPhase section */
		C7909DC51BF028E400D53671 /* Resources */ = {
			isa = PBXResourcesBuildPhase;
			buildActionMask = 2147483647;
			files = (
				C74FF8631BF1700100DAAF61 /* TweetsViewController.xib in Resources */,
				C74FF86C1BF1B64C00DAAF61 /* TweetCell.xib in Resources */,
				C7909DDA1BF028E400D53671 /* LaunchScreen.storyboard in Resources */,
				C7909DD71BF028E400D53671 /* Assets.xcassets in Resources */,
				C74FF8541BF02E1D00DAAF61 /* LoginViewController.xib in Resources */,
			);
			runOnlyForDeploymentPostprocessing = 0;
		};
/* End PBXResourcesBuildPhase section */

/* Begin PBXShellScriptBuildPhase section */
		30CCD906CCAACE6A6581696E /* Check Pods Manifest.lock */ = {
			isa = PBXShellScriptBuildPhase;
			buildActionMask = 2147483647;
			files = (
			);
			inputPaths = (
			);
			name = "Check Pods Manifest.lock";
			outputPaths = (
			);
			runOnlyForDeploymentPostprocessing = 0;
			shellPath = /bin/sh;
			shellScript = "diff \"${PODS_ROOT}/../Podfile.lock\" \"${PODS_ROOT}/Manifest.lock\" > /dev/null\nif [[ $? != 0 ]] ; then\n    cat << EOM\nerror: The sandbox is not in sync with the Podfile.lock. Run 'pod install' or update your CocoaPods installation.\nEOM\n    exit 1\nfi\n";
			showEnvVarsInLog = 0;
		};
		974C49C49594260619D30C23 /* Copy Pods Resources */ = {
			isa = PBXShellScriptBuildPhase;
			buildActionMask = 2147483647;
			files = (
			);
			inputPaths = (
			);
			name = "Copy Pods Resources";
			outputPaths = (
			);
			runOnlyForDeploymentPostprocessing = 0;
			shellPath = /bin/sh;
			shellScript = "\"${SRCROOT}/Pods/Target Support Files/Pods-twitter/Pods-twitter-resources.sh\"\n";
			showEnvVarsInLog = 0;
		};
		A5629608E2784CADD2E8C690 /* Embed Pods Frameworks */ = {
			isa = PBXShellScriptBuildPhase;
			buildActionMask = 2147483647;
			files = (
			);
			inputPaths = (
			);
			name = "Embed Pods Frameworks";
			outputPaths = (
			);
			runOnlyForDeploymentPostprocessing = 0;
			shellPath = /bin/sh;
			shellScript = "\"${SRCROOT}/Pods/Target Support Files/Pods-twitter/Pods-twitter-frameworks.sh\"\n";
			showEnvVarsInLog = 0;
		};
/* End PBXShellScriptBuildPhase section */

/* Begin PBXSourcesBuildPhase section */
		C7909DC31BF028E400D53671 /* Sources */ = {
			isa = PBXSourcesBuildPhase;
			buildActionMask = 2147483647;
			files = (
				C74FF8581BF02F9500DAAF61 /* TwitterClient.m in Sources */,
				C7909DCF1BF028E400D53671 /* AppDelegate.m in Sources */,
				C74FF85E1BF077E100DAAF61 /* User.m in Sources */,
				C74FF85B1BF077D800DAAF61 /* Tweet.m in Sources */,
				C7909DCC1BF028E400D53671 /* main.m in Sources */,
				C74FF8531BF02E1D00DAAF61 /* LoginViewController.m in Sources */,
				C74FF8621BF1700100DAAF61 /* TweetsViewController.m in Sources */,
				C74FF86B1BF1B64C00DAAF61 /* TweetCell.m in Sources */,
			);
			runOnlyForDeploymentPostprocessing = 0;
		};
/* End PBXSourcesBuildPhase section */

/* Begin PBXVariantGroup section */
		C7909DD81BF028E400D53671 /* LaunchScreen.storyboard */ = {
			isa = PBXVariantGroup;
			children = (
				C7909DD91BF028E400D53671 /* Base */,
			);
			name = LaunchScreen.storyboard;
			sourceTree = "<group>";
		};
/* End PBXVariantGroup section */

/* Begin XCBuildConfiguration section */
		C7909DDC1BF028E400D53671 /* Debug */ = {
			isa = XCBuildConfiguration;
			buildSettings = {
				ALWAYS_SEARCH_USER_PATHS = NO;
				CLANG_CXX_LANGUAGE_STANDARD = "gnu++0x";
				CLANG_CXX_LIBRARY = "libc++";
				CLANG_ENABLE_MODULES = YES;
				CLANG_ENABLE_OBJC_ARC = YES;
				CLANG_WARN_BOOL_CONVERSION = YES;
				CLANG_WARN_CONSTANT_CONVERSION = YES;
				CLANG_WARN_DIRECT_OBJC_ISA_USAGE = YES_ERROR;
				CLANG_WARN_EMPTY_BODY = YES;
				CLANG_WARN_ENUM_CONVERSION = YES;
				CLANG_WARN_INT_CONVERSION = YES;
				CLANG_WARN_OBJC_ROOT_CLASS = YES_ERROR;
				CLANG_WARN_UNREACHABLE_CODE = YES;
				CLANG_WARN__DUPLICATE_METHOD_MATCH = YES;
				"CODE_SIGN_IDENTITY[sdk=iphoneos*]" = "iPhone Developer";
				COPY_PHASE_STRIP = NO;
				DEBUG_INFORMATION_FORMAT = dwarf;
				ENABLE_STRICT_OBJC_MSGSEND = YES;
				ENABLE_TESTABILITY = YES;
				GCC_C_LANGUAGE_STANDARD = gnu99;
				GCC_DYNAMIC_NO_PIC = NO;
				GCC_NO_COMMON_BLOCKS = YES;
				GCC_OPTIMIZATION_LEVEL = 0;
				GCC_PREPROCESSOR_DEFINITIONS = (
					"DEBUG=1",
					"$(inherited)",
				);
				GCC_WARN_64_TO_32_BIT_CONVERSION = YES;
				GCC_WARN_ABOUT_RETURN_TYPE = YES_ERROR;
				GCC_WARN_UNDECLARED_SELECTOR = YES;
				GCC_WARN_UNINITIALIZED_AUTOS = YES_AGGRESSIVE;
				GCC_WARN_UNUSED_FUNCTION = YES;
				GCC_WARN_UNUSED_VARIABLE = YES;
				IPHONEOS_DEPLOYMENT_TARGET = 9.0;
				MTL_ENABLE_DEBUG_INFO = YES;
				ONLY_ACTIVE_ARCH = YES;
				SDKROOT = iphoneos;
				TARGETED_DEVICE_FAMILY = "1,2";
			};
			name = Debug;
		};
		C7909DDD1BF028E400D53671 /* Release */ = {
			isa = XCBuildConfiguration;
			buildSettings = {
				ALWAYS_SEARCH_USER_PATHS = NO;
				CLANG_CXX_LANGUAGE_STANDARD = "gnu++0x";
				CLANG_CXX_LIBRARY = "libc++";
				CLANG_ENABLE_MODULES = YES;
				CLANG_ENABLE_OBJC_ARC = YES;
				CLANG_WARN_BOOL_CONVERSION = YES;
				CLANG_WARN_CONSTANT_CONVERSION = YES;
				CLANG_WARN_DIRECT_OBJC_ISA_USAGE = YES_ERROR;
				CLANG_WARN_EMPTY_BODY = YES;
				CLANG_WARN_ENUM_CONVERSION = YES;
				CLANG_WARN_INT_CONVERSION = YES;
				CLANG_WARN_OBJC_ROOT_CLASS = YES_ERROR;
				CLANG_WARN_UNREACHABLE_CODE = YES;
				CLANG_WARN__DUPLICATE_METHOD_MATCH = YES;
				"CODE_SIGN_IDENTITY[sdk=iphoneos*]" = "iPhone Developer";
				COPY_PHASE_STRIP = NO;
				DEBUG_INFORMATION_FORMAT = "dwarf-with-dsym";
				ENABLE_NS_ASSERTIONS = NO;
				ENABLE_STRICT_OBJC_MSGSEND = YES;
				GCC_C_LANGUAGE_STANDARD = gnu99;
				GCC_NO_COMMON_BLOCKS = YES;
				GCC_WARN_64_TO_32_BIT_CONVERSION = YES;
				GCC_WARN_ABOUT_RETURN_TYPE = YES_ERROR;
				GCC_WARN_UNDECLARED_SELECTOR = YES;
				GCC_WARN_UNINITIALIZED_AUTOS = YES_AGGRESSIVE;
				GCC_WARN_UNUSED_FUNCTION = YES;
				GCC_WARN_UNUSED_VARIABLE = YES;
				IPHONEOS_DEPLOYMENT_TARGET = 9.0;
				MTL_ENABLE_DEBUG_INFO = NO;
				SDKROOT = iphoneos;
				TARGETED_DEVICE_FAMILY = "1,2";
				VALIDATE_PRODUCT = YES;
			};
			name = Release;
		};
		C7909DDF1BF028E400D53671 /* Debug */ = {
			isa = XCBuildConfiguration;
			baseConfigurationReference = 4D1572246A0912BDC476B168 /* Pods-twitter.debug.xcconfig */;
			buildSettings = {
				ASSETCATALOG_COMPILER_APPICON_NAME = AppIcon;
				INFOPLIST_FILE = twitter/Info.plist;
				LD_RUNPATH_SEARCH_PATHS = "$(inherited) @executable_path/Frameworks";
				PRODUCT_BUNDLE_IDENTIFIER = com.groupon.twitter;
				PRODUCT_NAME = "$(TARGET_NAME)";
			};
			name = Debug;
		};
		C7909DE01BF028E400D53671 /* Release */ = {
			isa = XCBuildConfiguration;
			baseConfigurationReference = C2BAFB67EA4A2F0D9CC7ACCA /* Pods-twitter.release.xcconfig */;
			buildSettings = {
				ASSETCATALOG_COMPILER_APPICON_NAME = AppIcon;
				INFOPLIST_FILE = twitter/Info.plist;
				LD_RUNPATH_SEARCH_PATHS = "$(inherited) @executable_path/Frameworks";
				PRODUCT_BUNDLE_IDENTIFIER = com.groupon.twitter;
				PRODUCT_NAME = "$(TARGET_NAME)";
			};
			name = Release;
		};
/* End XCBuildConfiguration section */

/* Begin XCConfigurationList section */
		C7909DC21BF028E400D53671 /* Build configuration list for PBXProject "twitter" */ = {
			isa = XCConfigurationList;
			buildConfigurations = (
				C7909DDC1BF028E400D53671 /* Debug */,
				C7909DDD1BF028E400D53671 /* Release */,
			);
			defaultConfigurationIsVisible = 0;
			defaultConfigurationName = Release;
		};
		C7909DDE1BF028E400D53671 /* Build configuration list for PBXNativeTarget "twitter" */ = {
			isa = XCConfigurationList;
			buildConfigurations = (
				C7909DDF1BF028E400D53671 /* Debug */,
				C7909DE01BF028E400D53671 /* Release */,
			);
			defaultConfigurationIsVisible = 0;
			defaultConfigurationName = Release;
		};
/* End XCConfigurationList section */
	};
	rootObject = C7909DBF1BF028E400D53671 /* Project object */;
}
